// !$*UTF8*$!
{
	archiveVersion = 1;
	classes = {
	};
	objectVersion = 52;
	objects = {

/* Begin PBXBuildFile section */
		7B41F3852708C3880099F853 /* BaseViewModel.swift in Sources */ = {isa = PBXBuildFile; fileRef = 7B41F3842708C3880099F853 /* BaseViewModel.swift */; };
		7B41F3872708DCD20099F853 /* UIViewController+HideKeyboard.swift in Sources */ = {isa = PBXBuildFile; fileRef = 7B41F3862708DCD20099F853 /* UIViewController+HideKeyboard.swift */; };
		7B526932270687C700DB8C50 /* HeightInputView.swift in Sources */ = {isa = PBXBuildFile; fileRef = 7B526931270687C700DB8C50 /* HeightInputView.swift */; };
		7B526934270687D500DB8C50 /* HeightInputViewController.swift in Sources */ = {isa = PBXBuildFile; fileRef = 7B526933270687D500DB8C50 /* HeightInputViewController.swift */; };
		7B526936270687DC00DB8C50 /* HeightInputViewModel.swift in Sources */ = {isa = PBXBuildFile; fileRef = 7B526935270687DC00DB8C50 /* HeightInputViewModel.swift */; };
		7B52693827068DB200DB8C50 /* UITextField+Padding.swift in Sources */ = {isa = PBXBuildFile; fileRef = 7B52693727068DB200DB8C50 /* UITextField+Padding.swift */; };
		7B559F70270535B400D4478D /* HomeViewModel.swift in Sources */ = {isa = PBXBuildFile; fileRef = 7B559F6F270535B400D4478D /* HomeViewModel.swift */; };
		7B559F74270545C800D4478D /* UserDefaultsProviderProtocol.swift in Sources */ = {isa = PBXBuildFile; fileRef = 7B559F73270545C800D4478D /* UserDefaultsProviderProtocol.swift */; };
		7B559F76270545E800D4478D /* UserDefaultsImplementation.swift in Sources */ = {isa = PBXBuildFile; fileRef = 7B559F75270545E800D4478D /* UserDefaultsImplementation.swift */; };
		7B5C292F2703DE1700BB082D /* MyButton.swift in Sources */ = {isa = PBXBuildFile; fileRef = 7B5C292E2703DE1700BB082D /* MyButton.swift */; };
		7B62C54C2703CA12008D6261 /* AppDelegate.swift in Sources */ = {isa = PBXBuildFile; fileRef = 7B62C54B2703CA12008D6261 /* AppDelegate.swift */; };
		7B62C54E2703CA12008D6261 /* SceneDelegate.swift in Sources */ = {isa = PBXBuildFile; fileRef = 7B62C54D2703CA12008D6261 /* SceneDelegate.swift */; };
		7B62C5552703CA13008D6261 /* Assets.xcassets in Resources */ = {isa = PBXBuildFile; fileRef = 7B62C5542703CA13008D6261 /* Assets.xcassets */; };
		7B62C5582703CA13008D6261 /* LaunchScreen.storyboard in Resources */ = {isa = PBXBuildFile; fileRef = 7B62C5562703CA13008D6261 /* LaunchScreen.storyboard */; };
		7B62C5632703CA13008D6261 /* MyViewsTests.swift in Sources */ = {isa = PBXBuildFile; fileRef = 7B62C5622703CA13008D6261 /* MyViewsTests.swift */; };
		7B62C56E2703CA13008D6261 /* MyViewsUITests.swift in Sources */ = {isa = PBXBuildFile; fileRef = 7B62C56D2703CA13008D6261 /* MyViewsUITests.swift */; };
		7B62C57D2703CB19008D6261 /* LoadableViewController.swift in Sources */ = {isa = PBXBuildFile; fileRef = 7B62C57C2703CB19008D6261 /* LoadableViewController.swift */; };
		7B62C57F2703CB49008D6261 /* ViewCodeProtocol.swift in Sources */ = {isa = PBXBuildFile; fileRef = 7B62C57E2703CB49008D6261 /* ViewCodeProtocol.swift */; };
		7B62C5822703CC6F008D6261 /* DesignSystem.swift in Sources */ = {isa = PBXBuildFile; fileRef = 7B62C5812703CC6F008D6261 /* DesignSystem.swift */; };
		7B62C5852703CD92008D6261 /* HomeViewController.swift in Sources */ = {isa = PBXBuildFile; fileRef = 7B62C5842703CD92008D6261 /* HomeViewController.swift */; };
		7B62C5872703CD9B008D6261 /* HomeView.swift in Sources */ = {isa = PBXBuildFile; fileRef = 7B62C5862703CD9B008D6261 /* HomeView.swift */; };
		7B62C58A2703CE48008D6261 /* SnapKit in Frameworks */ = {isa = PBXBuildFile; productRef = 7B62C5892703CE48008D6261 /* SnapKit */; };
		7B62C58D2703D69F008D6261 /* UIView+Layout.swift in Sources */ = {isa = PBXBuildFile; fileRef = 7B62C58C2703D69F008D6261 /* UIView+Layout.swift */; };
/* End PBXBuildFile section */

/* Begin PBXContainerItemProxy section */
		7B62C55F2703CA13008D6261 /* PBXContainerItemProxy */ = {
			isa = PBXContainerItemProxy;
			containerPortal = 7B62C5402703CA12008D6261 /* Project object */;
			proxyType = 1;
			remoteGlobalIDString = 7B62C5472703CA12008D6261;
			remoteInfo = MyViews;
		};
		7B62C56A2703CA13008D6261 /* PBXContainerItemProxy */ = {
			isa = PBXContainerItemProxy;
			containerPortal = 7B62C5402703CA12008D6261 /* Project object */;
			proxyType = 1;
			remoteGlobalIDString = 7B62C5472703CA12008D6261;
			remoteInfo = MyViews;
		};
/* End PBXContainerItemProxy section */

/* Begin PBXFileReference section */
		7B41F3842708C3880099F853 /* BaseViewModel.swift */ = {isa = PBXFileReference; lastKnownFileType = sourcecode.swift; path = BaseViewModel.swift; sourceTree = "<group>"; };
		7B41F3862708DCD20099F853 /* UIViewController+HideKeyboard.swift */ = {isa = PBXFileReference; lastKnownFileType = sourcecode.swift; path = "UIViewController+HideKeyboard.swift"; sourceTree = "<group>"; };
		7B526931270687C700DB8C50 /* HeightInputView.swift */ = {isa = PBXFileReference; lastKnownFileType = sourcecode.swift; path = HeightInputView.swift; sourceTree = "<group>"; };
		7B526933270687D500DB8C50 /* HeightInputViewController.swift */ = {isa = PBXFileReference; lastKnownFileType = sourcecode.swift; path = HeightInputViewController.swift; sourceTree = "<group>"; };
		7B526935270687DC00DB8C50 /* HeightInputViewModel.swift */ = {isa = PBXFileReference; lastKnownFileType = sourcecode.swift; path = HeightInputViewModel.swift; sourceTree = "<group>"; };
		7B52693727068DB200DB8C50 /* UITextField+Padding.swift */ = {isa = PBXFileReference; lastKnownFileType = sourcecode.swift; path = "UITextField+Padding.swift"; sourceTree = "<group>"; };
		7B559F6F270535B400D4478D /* HomeViewModel.swift */ = {isa = PBXFileReference; lastKnownFileType = sourcecode.swift; path = HomeViewModel.swift; sourceTree = "<group>"; };
		7B559F73270545C800D4478D /* UserDefaultsProviderProtocol.swift */ = {isa = PBXFileReference; lastKnownFileType = sourcecode.swift; path = UserDefaultsProviderProtocol.swift; sourceTree = "<group>"; };
		7B559F75270545E800D4478D /* UserDefaultsImplementation.swift */ = {isa = PBXFileReference; lastKnownFileType = sourcecode.swift; path = UserDefaultsImplementation.swift; sourceTree = "<group>"; };
		7B5C292E2703DE1700BB082D /* MyButton.swift */ = {isa = PBXFileReference; lastKnownFileType = sourcecode.swift; path = MyButton.swift; sourceTree = "<group>"; };
		7B62C5482703CA12008D6261 /* MyViews.app */ = {isa = PBXFileReference; explicitFileType = wrapper.application; includeInIndex = 0; path = MyViews.app; sourceTree = BUILT_PRODUCTS_DIR; };
		7B62C54B2703CA12008D6261 /* AppDelegate.swift */ = {isa = PBXFileReference; lastKnownFileType = sourcecode.swift; path = AppDelegate.swift; sourceTree = "<group>"; };
		7B62C54D2703CA12008D6261 /* SceneDelegate.swift */ = {isa = PBXFileReference; lastKnownFileType = sourcecode.swift; path = SceneDelegate.swift; sourceTree = "<group>"; };
		7B62C5542703CA13008D6261 /* Assets.xcassets */ = {isa = PBXFileReference; lastKnownFileType = folder.assetcatalog; path = Assets.xcassets; sourceTree = "<group>"; };
		7B62C5572703CA13008D6261 /* Base */ = {isa = PBXFileReference; lastKnownFileType = file.storyboard; name = Base; path = Base.lproj/LaunchScreen.storyboard; sourceTree = "<group>"; };
		7B62C5592703CA13008D6261 /* Info.plist */ = {isa = PBXFileReference; lastKnownFileType = text.plist.xml; path = Info.plist; sourceTree = "<group>"; };
		7B62C55E2703CA13008D6261 /* MyViewsTests.xctest */ = {isa = PBXFileReference; explicitFileType = wrapper.cfbundle; includeInIndex = 0; path = MyViewsTests.xctest; sourceTree = BUILT_PRODUCTS_DIR; };
		7B62C5622703CA13008D6261 /* MyViewsTests.swift */ = {isa = PBXFileReference; lastKnownFileType = sourcecode.swift; path = MyViewsTests.swift; sourceTree = "<group>"; };
		7B62C5642703CA13008D6261 /* Info.plist */ = {isa = PBXFileReference; lastKnownFileType = text.plist.xml; path = Info.plist; sourceTree = "<group>"; };
		7B62C5692703CA13008D6261 /* MyViewsUITests.xctest */ = {isa = PBXFileReference; explicitFileType = wrapper.cfbundle; includeInIndex = 0; path = MyViewsUITests.xctest; sourceTree = BUILT_PRODUCTS_DIR; };
		7B62C56D2703CA13008D6261 /* MyViewsUITests.swift */ = {isa = PBXFileReference; lastKnownFileType = sourcecode.swift; path = MyViewsUITests.swift; sourceTree = "<group>"; };
		7B62C56F2703CA13008D6261 /* Info.plist */ = {isa = PBXFileReference; lastKnownFileType = text.plist.xml; path = Info.plist; sourceTree = "<group>"; };
		7B62C57C2703CB19008D6261 /* LoadableViewController.swift */ = {isa = PBXFileReference; lastKnownFileType = sourcecode.swift; path = LoadableViewController.swift; sourceTree = "<group>"; };
		7B62C57E2703CB49008D6261 /* ViewCodeProtocol.swift */ = {isa = PBXFileReference; lastKnownFileType = sourcecode.swift; path = ViewCodeProtocol.swift; sourceTree = "<group>"; };
		7B62C5812703CC6F008D6261 /* DesignSystem.swift */ = {isa = PBXFileReference; lastKnownFileType = sourcecode.swift; path = DesignSystem.swift; sourceTree = "<group>"; };
		7B62C5842703CD92008D6261 /* HomeViewController.swift */ = {isa = PBXFileReference; lastKnownFileType = sourcecode.swift; path = HomeViewController.swift; sourceTree = "<group>"; };
		7B62C5862703CD9B008D6261 /* HomeView.swift */ = {isa = PBXFileReference; lastKnownFileType = sourcecode.swift; path = HomeView.swift; sourceTree = "<group>"; };
		7B62C58C2703D69F008D6261 /* UIView+Layout.swift */ = {isa = PBXFileReference; lastKnownFileType = sourcecode.swift; path = "UIView+Layout.swift"; sourceTree = "<group>"; };
/* End PBXFileReference section */

/* Begin PBXFrameworksBuildPhase section */
		7B62C5452703CA12008D6261 /* Frameworks */ = {
			isa = PBXFrameworksBuildPhase;
			buildActionMask = 2147483647;
			files = (
				7B62C58A2703CE48008D6261 /* SnapKit in Frameworks */,
			);
			runOnlyForDeploymentPostprocessing = 0;
		};
		7B62C55B2703CA13008D6261 /* Frameworks */ = {
			isa = PBXFrameworksBuildPhase;
			buildActionMask = 2147483647;
			files = (
			);
			runOnlyForDeploymentPostprocessing = 0;
		};
		7B62C5662703CA13008D6261 /* Frameworks */ = {
			isa = PBXFrameworksBuildPhase;
			buildActionMask = 2147483647;
			files = (
			);
			runOnlyForDeploymentPostprocessing = 0;
		};
/* End PBXFrameworksBuildPhase section */

/* Begin PBXGroup section */
		7B41F3832708C37C0099F853 /* Base */ = {
			isa = PBXGroup;
			children = (
				7B41F3842708C3880099F853 /* BaseViewModel.swift */,
			);
			path = Base;
			sourceTree = "<group>";
		};
		7B52692E270685BC00DB8C50 /* Home */ = {
			isa = PBXGroup;
			children = (
				7B62C5842703CD92008D6261 /* HomeViewController.swift */,
				7B62C5862703CD9B008D6261 /* HomeView.swift */,
				7B559F6F270535B400D4478D /* HomeViewModel.swift */,
			);
			path = Home;
			sourceTree = "<group>";
		};
		7B52692F270685C300DB8C50 /* BMI */ = {
			isa = PBXGroup;
			children = (
				7B526930270685CB00DB8C50 /* HeightInput */,
			);
			path = BMI;
			sourceTree = "<group>";
		};
		7B526930270685CB00DB8C50 /* HeightInput */ = {
			isa = PBXGroup;
			children = (
				7B526931270687C700DB8C50 /* HeightInputView.swift */,
				7B526933270687D500DB8C50 /* HeightInputViewController.swift */,
				7B526935270687DC00DB8C50 /* HeightInputViewModel.swift */,
			);
			path = HeightInput;
			sourceTree = "<group>";
		};
		7B559F71270545A600D4478D /* Persistence */ = {
			isa = PBXGroup;
			children = (
				7B559F75270545E800D4478D /* UserDefaultsImplementation.swift */,
			);
			path = Persistence;
			sourceTree = "<group>";
		};
		7B559F72270545B700D4478D /* Protocols */ = {
			isa = PBXGroup;
			children = (
				7B559F73270545C800D4478D /* UserDefaultsProviderProtocol.swift */,
			);
			path = Protocols;
			sourceTree = "<group>";
		};
		7B5C292D2703DE0100BB082D /* Views */ = {
			isa = PBXGroup;
			children = (
				7B5C292E2703DE1700BB082D /* MyButton.swift */,
			);
			path = Views;
			sourceTree = "<group>";
		};
		7B62C53F2703CA12008D6261 = {
			isa = PBXGroup;
			children = (
				7B62C58B2703D648008D6261 /* Extensions */,
				7B41F3832708C37C0099F853 /* Base */,
				7B559F72270545B700D4478D /* Protocols */,
				7B559F71270545A600D4478D /* Persistence */,
				7B62C57B2703CAE8008D6261 /* Design System */,
				7B62C54A2703CA12008D6261 /* MyViews */,
				7B62C5612703CA13008D6261 /* MyViewsTests */,
				7B62C56C2703CA13008D6261 /* MyViewsUITests */,
				7B62C5492703CA12008D6261 /* Products */,
			);
			sourceTree = "<group>";
		};
		7B62C5492703CA12008D6261 /* Products */ = {
			isa = PBXGroup;
			children = (
				7B62C5482703CA12008D6261 /* MyViews.app */,
				7B62C55E2703CA13008D6261 /* MyViewsTests.xctest */,
				7B62C5692703CA13008D6261 /* MyViewsUITests.xctest */,
			);
			name = Products;
			sourceTree = "<group>";
		};
		7B62C54A2703CA12008D6261 /* MyViews */ = {
			isa = PBXGroup;
			children = (
				7B62C5832703CD7B008D6261 /* Screens */,
				7B62C54B2703CA12008D6261 /* AppDelegate.swift */,
				7B62C54D2703CA12008D6261 /* SceneDelegate.swift */,
				7B62C5542703CA13008D6261 /* Assets.xcassets */,
				7B62C5562703CA13008D6261 /* LaunchScreen.storyboard */,
				7B62C5592703CA13008D6261 /* Info.plist */,
			);
			path = MyViews;
			sourceTree = "<group>";
		};
		7B62C5612703CA13008D6261 /* MyViewsTests */ = {
			isa = PBXGroup;
			children = (
				7B62C5622703CA13008D6261 /* MyViewsTests.swift */,
				7B62C5642703CA13008D6261 /* Info.plist */,
			);
			path = MyViewsTests;
			sourceTree = "<group>";
		};
		7B62C56C2703CA13008D6261 /* MyViewsUITests */ = {
			isa = PBXGroup;
			children = (
				7B62C56D2703CA13008D6261 /* MyViewsUITests.swift */,
				7B62C56F2703CA13008D6261 /* Info.plist */,
			);
			path = MyViewsUITests;
			sourceTree = "<group>";
		};
		7B62C57B2703CAE8008D6261 /* Design System */ = {
			isa = PBXGroup;
			children = (
				7B5C292D2703DE0100BB082D /* Views */,
				7B62C5802703CC0F008D6261 /* Helpers */,
				7B62C5812703CC6F008D6261 /* DesignSystem.swift */,
			);
			path = "Design System";
			sourceTree = "<group>";
		};
		7B62C5802703CC0F008D6261 /* Helpers */ = {
			isa = PBXGroup;
			children = (
				7B62C57C2703CB19008D6261 /* LoadableViewController.swift */,
				7B62C57E2703CB49008D6261 /* ViewCodeProtocol.swift */,
			);
			path = Helpers;
			sourceTree = "<group>";
		};
		7B62C5832703CD7B008D6261 /* Screens */ = {
			isa = PBXGroup;
			children = (
				7B52692F270685C300DB8C50 /* BMI */,
				7B52692E270685BC00DB8C50 /* Home */,
			);
			path = Screens;
			sourceTree = "<group>";
		};
		7B62C58B2703D648008D6261 /* Extensions */ = {
			isa = PBXGroup;
			children = (
				7B62C58C2703D69F008D6261 /* UIView+Layout.swift */,
				7B52693727068DB200DB8C50 /* UITextField+Padding.swift */,
				7B41F3862708DCD20099F853 /* UIViewController+HideKeyboard.swift */,
			);
			path = Extensions;
			sourceTree = "<group>";
		};
/* End PBXGroup section */

/* Begin PBXNativeTarget section */
		7B62C5472703CA12008D6261 /* MyViews */ = {
			isa = PBXNativeTarget;
			buildConfigurationList = 7B62C5722703CA13008D6261 /* Build configuration list for PBXNativeTarget "MyViews" */;
			buildPhases = (
				7B62C5442703CA12008D6261 /* Sources */,
				7B62C5452703CA12008D6261 /* Frameworks */,
				7B62C5462703CA12008D6261 /* Resources */,
			);
			buildRules = (
			);
			dependencies = (
			);
			name = MyViews;
			packageProductDependencies = (
				7B62C5892703CE48008D6261 /* SnapKit */,
			);
			productName = MyViews;
			productReference = 7B62C5482703CA12008D6261 /* MyViews.app */;
			productType = "com.apple.product-type.application";
		};
		7B62C55D2703CA13008D6261 /* MyViewsTests */ = {
			isa = PBXNativeTarget;
			buildConfigurationList = 7B62C5752703CA13008D6261 /* Build configuration list for PBXNativeTarget "MyViewsTests" */;
			buildPhases = (
				7B62C55A2703CA13008D6261 /* Sources */,
				7B62C55B2703CA13008D6261 /* Frameworks */,
				7B62C55C2703CA13008D6261 /* Resources */,
			);
			buildRules = (
			);
			dependencies = (
				7B62C5602703CA13008D6261 /* PBXTargetDependency */,
			);
			name = MyViewsTests;
			productName = MyViewsTests;
			productReference = 7B62C55E2703CA13008D6261 /* MyViewsTests.xctest */;
			productType = "com.apple.product-type.bundle.unit-test";
		};
		7B62C5682703CA13008D6261 /* MyViewsUITests */ = {
			isa = PBXNativeTarget;
			buildConfigurationList = 7B62C5782703CA13008D6261 /* Build configuration list for PBXNativeTarget "MyViewsUITests" */;
			buildPhases = (
				7B62C5652703CA13008D6261 /* Sources */,
				7B62C5662703CA13008D6261 /* Frameworks */,
				7B62C5672703CA13008D6261 /* Resources */,
			);
			buildRules = (
			);
			dependencies = (
				7B62C56B2703CA13008D6261 /* PBXTargetDependency */,
			);
			name = MyViewsUITests;
			productName = MyViewsUITests;
			productReference = 7B62C5692703CA13008D6261 /* MyViewsUITests.xctest */;
			productType = "com.apple.product-type.bundle.ui-testing";
		};
/* End PBXNativeTarget section */

/* Begin PBXProject section */
		7B62C5402703CA12008D6261 /* Project object */ = {
			isa = PBXProject;
			attributes = {
				LastSwiftUpdateCheck = 1250;
				LastUpgradeCheck = 1250;
				TargetAttributes = {
					7B62C5472703CA12008D6261 = {
						CreatedOnToolsVersion = 12.5.1;
					};
					7B62C55D2703CA13008D6261 = {
						CreatedOnToolsVersion = 12.5.1;
						TestTargetID = 7B62C5472703CA12008D6261;
					};
					7B62C5682703CA13008D6261 = {
						CreatedOnToolsVersion = 12.5.1;
						TestTargetID = 7B62C5472703CA12008D6261;
					};
				};
			};
			buildConfigurationList = 7B62C5432703CA12008D6261 /* Build configuration list for PBXProject "MyViews" */;
			compatibilityVersion = "Xcode 9.3";
			developmentRegion = en;
			hasScannedForEncodings = 0;
			knownRegions = (
				en,
				Base,
			);
			mainGroup = 7B62C53F2703CA12008D6261;
			packageReferences = (
				7B62C5882703CE48008D6261 /* XCRemoteSwiftPackageReference "SnapKit" */,
			);
			productRefGroup = 7B62C5492703CA12008D6261 /* Products */;
			projectDirPath = "";
			projectRoot = "";
			targets = (
				7B62C5472703CA12008D6261 /* MyViews */,
				7B62C55D2703CA13008D6261 /* MyViewsTests */,
				7B62C5682703CA13008D6261 /* MyViewsUITests */,
			);
		};
/* End PBXProject section */

/* Begin PBXResourcesBuildPhase section */
		7B62C5462703CA12008D6261 /* Resources */ = {
			isa = PBXResourcesBuildPhase;
			buildActionMask = 2147483647;
			files = (
				7B62C5582703CA13008D6261 /* LaunchScreen.storyboard in Resources */,
				7B62C5552703CA13008D6261 /* Assets.xcassets in Resources */,
			);
			runOnlyForDeploymentPostprocessing = 0;
		};
		7B62C55C2703CA13008D6261 /* Resources */ = {
			isa = PBXResourcesBuildPhase;
			buildActionMask = 2147483647;
			files = (
			);
			runOnlyForDeploymentPostprocessing = 0;
		};
		7B62C5672703CA13008D6261 /* Resources */ = {
			isa = PBXResourcesBuildPhase;
			buildActionMask = 2147483647;
			files = (
			);
			runOnlyForDeploymentPostprocessing = 0;
		};
/* End PBXResourcesBuildPhase section */

/* Begin PBXSourcesBuildPhase section */
		7B62C5442703CA12008D6261 /* Sources */ = {
			isa = PBXSourcesBuildPhase;
			buildActionMask = 2147483647;
			files = (
				7B62C58D2703D69F008D6261 /* UIView+Layout.swift in Sources */,
				7B62C5822703CC6F008D6261 /* DesignSystem.swift in Sources */,
				7B41F3852708C3880099F853 /* BaseViewModel.swift in Sources */,
				7B559F74270545C800D4478D /* UserDefaultsProviderProtocol.swift in Sources */,
				7B62C54C2703CA12008D6261 /* AppDelegate.swift in Sources */,
				7B559F76270545E800D4478D /* UserDefaultsImplementation.swift in Sources */,
				7B559F70270535B400D4478D /* HomeViewModel.swift in Sources */,
				7B526934270687D500DB8C50 /* HeightInputViewController.swift in Sources */,
				7B62C57F2703CB49008D6261 /* ViewCodeProtocol.swift in Sources */,
				7B41F3872708DCD20099F853 /* UIViewController+HideKeyboard.swift in Sources */,
				7B62C57D2703CB19008D6261 /* LoadableViewController.swift in Sources */,
				7B5C292F2703DE1700BB082D /* MyButton.swift in Sources */,
				7B62C5872703CD9B008D6261 /* HomeView.swift in Sources */,
				7B526932270687C700DB8C50 /* HeightInputView.swift in Sources */,
				7B62C5852703CD92008D6261 /* HomeViewController.swift in Sources */,
				7B52693827068DB200DB8C50 /* UITextField+Padding.swift in Sources */,
				7B62C54E2703CA12008D6261 /* SceneDelegate.swift in Sources */,
				7B526936270687DC00DB8C50 /* HeightInputViewModel.swift in Sources */,
			);
			runOnlyForDeploymentPostprocessing = 0;
		};
		7B62C55A2703CA13008D6261 /* Sources */ = {
			isa = PBXSourcesBuildPhase;
			buildActionMask = 2147483647;
			files = (
				7B62C5632703CA13008D6261 /* MyViewsTests.swift in Sources */,
			);
			runOnlyForDeploymentPostprocessing = 0;
		};
		7B62C5652703CA13008D6261 /* Sources */ = {
			isa = PBXSourcesBuildPhase;
			buildActionMask = 2147483647;
			files = (
				7B62C56E2703CA13008D6261 /* MyViewsUITests.swift in Sources */,
			);
			runOnlyForDeploymentPostprocessing = 0;
		};
/* End PBXSourcesBuildPhase section */

/* Begin PBXTargetDependency section */
		7B62C5602703CA13008D6261 /* PBXTargetDependency */ = {
			isa = PBXTargetDependency;
			target = 7B62C5472703CA12008D6261 /* MyViews */;
			targetProxy = 7B62C55F2703CA13008D6261 /* PBXContainerItemProxy */;
		};
		7B62C56B2703CA13008D6261 /* PBXTargetDependency */ = {
			isa = PBXTargetDependency;
			target = 7B62C5472703CA12008D6261 /* MyViews */;
			targetProxy = 7B62C56A2703CA13008D6261 /* PBXContainerItemProxy */;
		};
/* End PBXTargetDependency section */

/* Begin PBXVariantGroup section */
		7B62C5562703CA13008D6261 /* LaunchScreen.storyboard */ = {
			isa = PBXVariantGroup;
			children = (
				7B62C5572703CA13008D6261 /* Base */,
			);
			name = LaunchScreen.storyboard;
			sourceTree = "<group>";
		};
/* End PBXVariantGroup section */

/* Begin XCBuildConfiguration section */
		7B62C5702703CA13008D6261 /* Debug */ = {
			isa = XCBuildConfiguration;
			buildSettings = {
				ALWAYS_SEARCH_USER_PATHS = NO;
				CLANG_ANALYZER_NONNULL = YES;
				CLANG_ANALYZER_NUMBER_OBJECT_CONVERSION = YES_AGGRESSIVE;
				CLANG_CXX_LANGUAGE_STANDARD = "gnu++14";
				CLANG_CXX_LIBRARY = "libc++";
				CLANG_ENABLE_MODULES = YES;
				CLANG_ENABLE_OBJC_ARC = YES;
				CLANG_ENABLE_OBJC_WEAK = YES;
				CLANG_WARN_BLOCK_CAPTURE_AUTORELEASING = YES;
				CLANG_WARN_BOOL_CONVERSION = YES;
				CLANG_WARN_COMMA = YES;
				CLANG_WARN_CONSTANT_CONVERSION = YES;
				CLANG_WARN_DEPRECATED_OBJC_IMPLEMENTATIONS = YES;
				CLANG_WARN_DIRECT_OBJC_ISA_USAGE = YES_ERROR;
				CLANG_WARN_DOCUMENTATION_COMMENTS = YES;
				CLANG_WARN_EMPTY_BODY = YES;
				CLANG_WARN_ENUM_CONVERSION = YES;
				CLANG_WARN_INFINITE_RECURSION = YES;
				CLANG_WARN_INT_CONVERSION = YES;
				CLANG_WARN_NON_LITERAL_NULL_CONVERSION = YES;
				CLANG_WARN_OBJC_IMPLICIT_RETAIN_SELF = YES;
				CLANG_WARN_OBJC_LITERAL_CONVERSION = YES;
				CLANG_WARN_OBJC_ROOT_CLASS = YES_ERROR;
				CLANG_WARN_QUOTED_INCLUDE_IN_FRAMEWORK_HEADER = YES;
				CLANG_WARN_RANGE_LOOP_ANALYSIS = YES;
				CLANG_WARN_STRICT_PROTOTYPES = YES;
				CLANG_WARN_SUSPICIOUS_MOVE = YES;
				CLANG_WARN_UNGUARDED_AVAILABILITY = YES_AGGRESSIVE;
				CLANG_WARN_UNREACHABLE_CODE = YES;
				CLANG_WARN__DUPLICATE_METHOD_MATCH = YES;
				COPY_PHASE_STRIP = NO;
				DEBUG_INFORMATION_FORMAT = dwarf;
				ENABLE_STRICT_OBJC_MSGSEND = YES;
				ENABLE_TESTABILITY = YES;
				GCC_C_LANGUAGE_STANDARD = gnu11;
				GCC_DYNAMIC_NO_PIC = NO;
				GCC_NO_COMMON_BLOCKS = YES;
				GCC_OPTIMIZATION_LEVEL = 0;
				GCC_PREPROCESSOR_DEFINITIONS = (
					"DEBUG=1",
					"$(inherited)",
				);
				GCC_WARN_64_TO_32_BIT_CONVERSION = YES;
				GCC_WARN_ABOUT_RETURN_TYPE = YES_ERROR;
				GCC_WARN_UNDECLARED_SELECTOR = YES;
				GCC_WARN_UNINITIALIZED_AUTOS = YES_AGGRESSIVE;
				GCC_WARN_UNUSED_FUNCTION = YES;
				GCC_WARN_UNUSED_VARIABLE = YES;
				IPHONEOS_DEPLOYMENT_TARGET = 13.0;
				MTL_ENABLE_DEBUG_INFO = INCLUDE_SOURCE;
				MTL_FAST_MATH = YES;
				ONLY_ACTIVE_ARCH = YES;
				SDKROOT = iphoneos;
				SWIFT_ACTIVE_COMPILATION_CONDITIONS = DEBUG;
				SWIFT_OPTIMIZATION_LEVEL = "-Onone";
			};
			name = Debug;
		};
		7B62C5712703CA13008D6261 /* Release */ = {
			isa = XCBuildConfiguration;
			buildSettings = {
				ALWAYS_SEARCH_USER_PATHS = NO;
				CLANG_ANALYZER_NONNULL = YES;
				CLANG_ANALYZER_NUMBER_OBJECT_CONVERSION = YES_AGGRESSIVE;
				CLANG_CXX_LANGUAGE_STANDARD = "gnu++14";
				CLANG_CXX_LIBRARY = "libc++";
				CLANG_ENABLE_MODULES = YES;
				CLANG_ENABLE_OBJC_ARC = YES;
				CLANG_ENABLE_OBJC_WEAK = YES;
				CLANG_WARN_BLOCK_CAPTURE_AUTORELEASING = YES;
				CLANG_WARN_BOOL_CONVERSION = YES;
				CLANG_WARN_COMMA = YES;
				CLANG_WARN_CONSTANT_CONVERSION = YES;
				CLANG_WARN_DEPRECATED_OBJC_IMPLEMENTATIONS = YES;
				CLANG_WARN_DIRECT_OBJC_ISA_USAGE = YES_ERROR;
				CLANG_WARN_DOCUMENTATION_COMMENTS = YES;
				CLANG_WARN_EMPTY_BODY = YES;
				CLANG_WARN_ENUM_CONVERSION = YES;
				CLANG_WARN_INFINITE_RECURSION = YES;
				CLANG_WARN_INT_CONVERSION = YES;
				CLANG_WARN_NON_LITERAL_NULL_CONVERSION = YES;
				CLANG_WARN_OBJC_IMPLICIT_RETAIN_SELF = YES;
				CLANG_WARN_OBJC_LITERAL_CONVERSION = YES;
				CLANG_WARN_OBJC_ROOT_CLASS = YES_ERROR;
				CLANG_WARN_QUOTED_INCLUDE_IN_FRAMEWORK_HEADER = YES;
				CLANG_WARN_RANGE_LOOP_ANALYSIS = YES;
				CLANG_WARN_STRICT_PROTOTYPES = YES;
				CLANG_WARN_SUSPICIOUS_MOVE = YES;
				CLANG_WARN_UNGUARDED_AVAILABILITY = YES_AGGRESSIVE;
				CLANG_WARN_UNREACHABLE_CODE = YES;
				CLANG_WARN__DUPLICATE_METHOD_MATCH = YES;
				COPY_PHASE_STRIP = NO;
				DEBUG_INFORMATION_FORMAT = "dwarf-with-dsym";
				ENABLE_NS_ASSERTIONS = NO;
				ENABLE_STRICT_OBJC_MSGSEND = YES;
				GCC_C_LANGUAGE_STANDARD = gnu11;
				GCC_NO_COMMON_BLOCKS = YES;
				GCC_WARN_64_TO_32_BIT_CONVERSION = YES;
				GCC_WARN_ABOUT_RETURN_TYPE = YES_ERROR;
				GCC_WARN_UNDECLARED_SELECTOR = YES;
				GCC_WARN_UNINITIALIZED_AUTOS = YES_AGGRESSIVE;
				GCC_WARN_UNUSED_FUNCTION = YES;
				GCC_WARN_UNUSED_VARIABLE = YES;
				IPHONEOS_DEPLOYMENT_TARGET = 13.0;
				MTL_ENABLE_DEBUG_INFO = NO;
				MTL_FAST_MATH = YES;
				SDKROOT = iphoneos;
				SWIFT_COMPILATION_MODE = wholemodule;
				SWIFT_OPTIMIZATION_LEVEL = "-O";
				VALIDATE_PRODUCT = YES;
			};
			name = Release;
		};
		7B62C5732703CA13008D6261 /* Debug */ = {
			isa = XCBuildConfiguration;
			buildSettings = {
				ASSETCATALOG_COMPILER_APPICON_NAME = AppIcon;
				ASSETCATALOG_COMPILER_GLOBAL_ACCENT_COLOR_NAME = AccentColor;
				CODE_SIGN_STYLE = Automatic;
				DEVELOPMENT_TEAM = GAQAM8PW76;
				INFOPLIST_FILE = MyViews/Info.plist;
				IPHONEOS_DEPLOYMENT_TARGET = 13.0;
				LD_RUNPATH_SEARCH_PATHS = (
					"$(inherited)",
					"@executable_path/Frameworks",
				);
				PRODUCT_BUNDLE_IDENTIFIER = com.arousal.bribe.MyViews;
				PRODUCT_NAME = "$(TARGET_NAME)";
				SWIFT_VERSION = 5.0;
				TARGETED_DEVICE_FAMILY = "1,2";
			};
			name = Debug;
		};
		7B62C5742703CA13008D6261 /* Release */ = {
			isa = XCBuildConfiguration;
			buildSettings = {
				ASSETCATALOG_COMPILER_APPICON_NAME = AppIcon;
				ASSETCATALOG_COMPILER_GLOBAL_ACCENT_COLOR_NAME = AccentColor;
				CODE_SIGN_STYLE = Automatic;
				DEVELOPMENT_TEAM = GAQAM8PW76;
				INFOPLIST_FILE = MyViews/Info.plist;
				IPHONEOS_DEPLOYMENT_TARGET = 13.0;
				LD_RUNPATH_SEARCH_PATHS = (
					"$(inherited)",
					"@executable_path/Frameworks",
				);
				PRODUCT_BUNDLE_IDENTIFIER = com.arousal.bribe.MyViews;
				PRODUCT_NAME = "$(TARGET_NAME)";
				SWIFT_VERSION = 5.0;
				TARGETED_DEVICE_FAMILY = "1,2";
			};
			name = Release;
		};
		7B62C5762703CA13008D6261 /* Debug */ = {
			isa = XCBuildConfiguration;
			buildSettings = {
				ALWAYS_EMBED_SWIFT_STANDARD_LIBRARIES = YES;
				BUNDLE_LOADER = "$(TEST_HOST)";
				CODE_SIGN_STYLE = Automatic;
				DEVELOPMENT_TEAM = GAQAM8PW76;
				INFOPLIST_FILE = MyViewsTests/Info.plist;
				IPHONEOS_DEPLOYMENT_TARGET = 14.5;
				LD_RUNPATH_SEARCH_PATHS = (
					"$(inherited)",
					"@executable_path/Frameworks",
					"@loader_path/Frameworks",
				);
				PRODUCT_BUNDLE_IDENTIFIER = com.arousal.bribe.MyViewsTests;
				PRODUCT_NAME = "$(TARGET_NAME)";
				SWIFT_VERSION = 5.0;
				TARGETED_DEVICE_FAMILY = "1,2";
				TEST_HOST = "$(BUILT_PRODUCTS_DIR)/MyViews.app/MyViews";
			};
			name = Debug;
		};
		7B62C5772703CA13008D6261 /* Release */ = {
			isa = XCBuildConfiguration;
			buildSettings = {
				ALWAYS_EMBED_SWIFT_STANDARD_LIBRARIES = YES;
				BUNDLE_LOADER = "$(TEST_HOST)";
				CODE_SIGN_STYLE = Automatic;
				DEVELOPMENT_TEAM = GAQAM8PW76;
				INFOPLIST_FILE = MyViewsTests/Info.plist;
				IPHONEOS_DEPLOYMENT_TARGET = 14.5;
				LD_RUNPATH_SEARCH_PATHS = (
					"$(inherited)",
					"@executable_path/Frameworks",
					"@loader_path/Frameworks",
				);
				PRODUCT_BUNDLE_IDENTIFIER = com.arousal.bribe.MyViewsTests;
				PRODUCT_NAME = "$(TARGET_NAME)";
				SWIFT_VERSION = 5.0;
				TARGETED_DEVICE_FAMILY = "1,2";
				TEST_HOST = "$(BUILT_PRODUCTS_DIR)/MyViews.app/MyViews";
			};
			name = Release;
		};
		7B62C5792703CA13008D6261 /* Debug */ = {
			isa = XCBuildConfiguration;
			buildSettings = {
				ALWAYS_EMBED_SWIFT_STANDARD_LIBRARIES = YES;
				CODE_SIGN_STYLE = Automatic;
				DEVELOPMENT_TEAM = GAQAM8PW76;
				INFOPLIST_FILE = MyViewsUITests/Info.plist;
				LD_RUNPATH_SEARCH_PATHS = (
					"$(inherited)",
					"@executable_path/Frameworks",
					"@loader_path/Frameworks",
				);
				PRODUCT_BUNDLE_IDENTIFIER = com.arousal.bribe.MyViewsUITests;
				PRODUCT_NAME = "$(TARGET_NAME)";
				SWIFT_VERSION = 5.0;
				TARGETED_DEVICE_FAMILY = "1,2";
				TEST_TARGET_NAME = MyViews;
			};
			name = Debug;
		};
		7B62C57A2703CA13008D6261 /* Release */ = {
			isa = XCBuildConfiguration;
			buildSettings = {
				ALWAYS_EMBED_SWIFT_STANDARD_LIBRARIES = YES;
				CODE_SIGN_STYLE = Automatic;
				DEVELOPMENT_TEAM = GAQAM8PW76;
				INFOPLIST_FILE = MyViewsUITests/Info.plist;
				LD_RUNPATH_SEARCH_PATHS = (
					"$(inherited)",
					"@executable_path/Frameworks",
					"@loader_path/Frameworks",
				);
				PRODUCT_BUNDLE_IDENTIFIER = com.arousal.bribe.MyViewsUITests;
				PRODUCT_NAME = "$(TARGET_NAME)";
				SWIFT_VERSION = 5.0;
				TARGETED_DEVICE_FAMILY = "1,2";
				TEST_TARGET_NAME = MyViews;
			};
			name = Release;
		};
/* End XCBuildConfiguration section */

/* Begin XCConfigurationList section */
		7B62C5432703CA12008D6261 /* Build configuration list for PBXProject "MyViews" */ = {
			isa = XCConfigurationList;
			buildConfigurations = (
				7B62C5702703CA13008D6261 /* Debug */,
				7B62C5712703CA13008D6261 /* Release */,
			);
			defaultConfigurationIsVisible = 0;
			defaultConfigurationName = Release;
		};
		7B62C5722703CA13008D6261 /* Build configuration list for PBXNativeTarget "MyViews" */ = {
			isa = XCConfigurationList;
			buildConfigurations = (
				7B62C5732703CA13008D6261 /* Debug */,
				7B62C5742703CA13008D6261 /* Release */,
			);
			defaultConfigurationIsVisible = 0;
			defaultConfigurationName = Release;
		};
		7B62C5752703CA13008D6261 /* Build configuration list for PBXNativeTarget "MyViewsTests" */ = {
			isa = XCConfigurationList;
			buildConfigurations = (
				7B62C5762703CA13008D6261 /* Debug */,
				7B62C5772703CA13008D6261 /* Release */,
			);
			defaultConfigurationIsVisible = 0;
			defaultConfigurationName = Release;
		};
		7B62C5782703CA13008D6261 /* Build configuration list for PBXNativeTarget "MyViewsUITests" */ = {
			isa = XCConfigurationList;
			buildConfigurations = (
				7B62C5792703CA13008D6261 /* Debug */,
				7B62C57A2703CA13008D6261 /* Release */,
			);
			defaultConfigurationIsVisible = 0;
			defaultConfigurationName = Release;
		};
/* End XCConfigurationList section */

/* Begin XCRemoteSwiftPackageReference section */
		7B62C5882703CE48008D6261 /* XCRemoteSwiftPackageReference "SnapKit" */ = {
			isa = XCRemoteSwiftPackageReference;
			repositoryURL = "https://github.com/SnapKit/SnapKit";
			requirement = {
				kind = upToNextMajorVersion;
				minimumVersion = 5.0.1;
			};
		};
/* End XCRemoteSwiftPackageReference section */

/* Begin XCSwiftPackageProductDependency section */
		7B62C5892703CE48008D6261 /* SnapKit */ = {
			isa = XCSwiftPackageProductDependency;
			package = 7B62C5882703CE48008D6261 /* XCRemoteSwiftPackageReference "SnapKit" */;
			productName = SnapKit;
		};
/* End XCSwiftPackageProductDependency section */
	};
	rootObject = 7B62C5402703CA12008D6261 /* Project object */;
}
